
Microsoft Visual Studio Solution File, Format Version 12.00
# Visual Studio 15
VisualStudioVersion = 15.0.27703.2026
MinimumVisualStudioVersion = 10.0.40219.1
Project("{FAE04EC0-301F-11D3-BF4B-00C04F79EFBC}") = "XSIS.Shop.WebApps", "XSIS.Shop.WebApps\XSIS.Shop.WebApps.csproj", "{B1E4F770-7365-42E9-98A8-DA5E24774E63}"
EndProject
Project("{FAE04EC0-301F-11D3-BF4B-00C04F79EFBC}") = "XSIS.Shop.Models", "XSIS.Shop.Models\XSIS.Shop.Models.csproj", "{4785A873-8A2A-4CC9-A0A7-E237ECC402F5}"
EndProject
Project("{FAE04EC0-301F-11D3-BF4B-00C04F79EFBC}") = "XSIS.Shop.ViewModels", "XSIS.Shop.ViewModels\XSIS.Shop.ViewModels.csproj", "{BEA8DB08-3FB9-43E1-9A9B-35C33CA8556D}"
EndProject
Project("{FAE04EC0-301F-11D3-BF4B-00C04F79EFBC}") = "XSIS.Shop.Repository", "XSIS.Shop.Repository\XSIS.Shop.Repository.csproj", "{56D999CE-BA93-483F-A80F-8B72B6EDA897}"
EndProject
Project("{FAE04EC0-301F-11D3-BF4B-00C04F79EFBC}") = "XSIS.Shop.WebApi.Test", "XSIS.Shop.WebApi.Test\XSIS.Shop.WebApi.Test.csproj", "{947B490D-06DC-48DE-83FE-C863B985A466}"
EndProject
Global
	GlobalSection(SolutionConfigurationPlatforms) = preSolution
		Debug|Any CPU = Debug|Any CPU
		Release|Any CPU = Release|Any CPU
	EndGlobalSection
	GlobalSection(ProjectConfigurationPlatforms) = postSolution
		{B1E4F770-7365-42E9-98A8-DA5E24774E63}.Debug|Any CPU.ActiveCfg = Debug|Any CPU
		{B1E4F770-7365-42E9-98A8-DA5E24774E63}.Debug|Any CPU.Build.0 = Debug|Any CPU
		{B1E4F770-7365-42E9-98A8-DA5E24774E63}.Release|Any CPU.ActiveCfg = Release|Any CPU
		{B1E4F770-7365-42E9-98A8-DA5E24774E63}.Release|Any CPU.Build.0 = Release|Any CPU
		{4785A873-8A2A-4CC9-A0A7-E237ECC402F5}.Debug|Any CPU.ActiveCfg = Debug|Any CPU
		{4785A873-8A2A-4CC9-A0A7-E237ECC402F5}.Debug|Any CPU.Build.0 = Debug|Any CPU
		{4785A873-8A2A-4CC9-A0A7-E237ECC402F5}.Release|Any CPU.ActiveCfg = Release|Any CPU
		{4785A873-8A2A-4CC9-A0A7-E237ECC402F5}.Release|Any CPU.Build.0 = Release|Any CPU
		{BEA8DB08-3FB9-43E1-9A9B-35C33CA8556D}.Debug|Any CPU.ActiveCfg = Debug|Any CPU
		{BEA8DB08-3FB9-43E1-9A9B-35C33CA8556D}.Debug|Any CPU.Build.0 = Debug|Any CPU
		{BEA8DB08-3FB9-43E1-9A9B-35C33CA8556D}.Release|Any CPU.ActiveCfg = Release|Any CPU
		{BEA8DB08-3FB9-43E1-9A9B-35C33CA8556D}.Release|Any CPU.Build.0 = Release|Any CPU
		{56D999CE-BA93-483F-A80F-8B72B6EDA897}.Debug|Any CPU.ActiveCfg = Debug|Any CPU
		{56D999CE-BA93-483F-A80F-8B72B6EDA897}.Debug|Any CPU.Build.0 = Debug|Any CPU
		{56D999CE-BA93-483F-A80F-8B72B6EDA897}.Release|Any CPU.ActiveCfg = Release|Any CPU
		{56D999CE-BA93-483F-A80F-8B72B6EDA897}.Release|Any CPU.Build.0 = Release|Any CPU
		{947B490D-06DC-48DE-83FE-C863B985A466}.Debug|Any CPU.ActiveCfg = Debug|Any CPU
		{947B490D-06DC-48DE-83FE-C863B985A466}.Debug|Any CPU.Build.0 = Debug|Any CPU
		{947B490D-06DC-48DE-83FE-C863B985A466}.Release|Any CPU.ActiveCfg = Release|Any CPU
		{947B490D-06DC-48DE-83FE-C863B985A466}.Release|Any CPU.Build.0 = Release|Any CPU
	EndGlobalSection
	GlobalSection(SolutionProperties) = preSolution
		HideSolutionNode = FALSE
	EndGlobalSection
	GlobalSection(ExtensibilityGlobals) = postSolution
		SolutionGuid = {6AC95E76-E0E1-4CB0-ACD7-5705CCBE5524}
	EndGlobalSection
EndGlobal
